
Microsoft Visual Studio Solution File, Format Version 12.00
# Visual Studio 15
VisualStudioVersion = 15.0.28307.645
MinimumVisualStudioVersion = 10.0.40219.1
Project("{FAE04EC0-301F-11D3-BF4B-00C04F79EFBC}") = "WpfAdminApp", "WpfAdminApp\WpfAdminApp.csproj", "{7995C18B-23BA-4C72-8D46-FAE9C5348A37}"
EndProject
Project("{54435603-DBB4-11D2-8724-00A0C9A8B90C}") = "Installer", "Installer\Installer.vdproj", "{2AE5C887-542B-489E-A7E0-ECD08F8E8DF5}"
EndProject
Global
	GlobalSection(SolutionConfigurationPlatforms) = preSolution
		Debug|Any CPU = Debug|Any CPU
		Release|Any CPU = Release|Any CPU
	EndGlobalSection
	GlobalSection(ProjectConfigurationPlatforms) = postSolution
		{7995C18B-23BA-4C72-8D46-FAE9C5348A37}.Debug|Any CPU.ActiveCfg = Debug|Any CPU
		{7995C18B-23BA-4C72-8D46-FAE9C5348A37}.Debug|Any CPU.Build.0 = Debug|Any CPU
		{7995C18B-23BA-4C72-8D46-FAE9C5348A37}.Release|Any CPU.ActiveCfg = Release|Any CPU
		{7995C18B-23BA-4C72-8D46-FAE9C5348A37}.Release|Any CPU.Build.0 = Release|Any CPU
		{2AE5C887-542B-489E-A7E0-ECD08F8E8DF5}.Debug|Any CPU.ActiveCfg = Debug
		{2AE5C887-542B-489E-A7E0-ECD08F8E8DF5}.Release|Any CPU.ActiveCfg = Release
	EndGlobalSection
	GlobalSection(SolutionProperties) = preSolution
		HideSolutionNode = FALSE
	EndGlobalSection
	GlobalSection(ExtensibilityGlobals) = postSolution
		SolutionGuid = {E3696969-91C5-48B5-BDA3-09E1BF2C0241}
	EndGlobalSection
EndGlobal
